// !$*UTF8*$!
{
	archiveVersion = 1;
	classes = {
	};
	objectVersion = 56;
	objects = {

/* Begin PBXBuildFile section */
		9A0493542B0CA54C0050FDDE /* SplashScreen.swift in Sources */ = {isa = PBXBuildFile; fileRef = 9A0493532B0CA54C0050FDDE /* SplashScreen.swift */; };
		9A0493562B0CEB780050FDDE /* BorrowedBooksView.swift in Sources */ = {isa = PBXBuildFile; fileRef = 9A0493552B0CEB780050FDDE /* BorrowedBooksView.swift */; };
		9A0493582B0CED840050FDDE /* ProfileView.swift in Sources */ = {isa = PBXBuildFile; fileRef = 9A0493572B0CED840050FDDE /* ProfileView.swift */; };
		9A04935A2B0D40250050FDDE /* ImagePicker.swift in Sources */ = {isa = PBXBuildFile; fileRef = 9A0493592B0D40250050FDDE /* ImagePicker.swift */; };
		9A072FAB2B20B10F0010F8F2 /* BookCardGridView.swift in Sources */ = {isa = PBXBuildFile; fileRef = 9A072FAA2B20B10F0010F8F2 /* BookCardGridView.swift */; };
		9A40F5FE2B0E99D80042B440 /* BookData.swift in Sources */ = {isa = PBXBuildFile; fileRef = 9A40F5FD2B0E99D80042B440 /* BookData.swift */; };
		9A47D4C72B21B41E006E7B5B /* BookUpdateView.swift in Sources */ = {isa = PBXBuildFile; fileRef = 9A47D4C62B21B41E006E7B5B /* BookUpdateView.swift */; };
		9A7995252B0F4C3800BC141D /* BookCardListView.swift in Sources */ = {isa = PBXBuildFile; fileRef = 9A7995242B0F4C3800BC141D /* BookCardListView.swift */; };
		9A8D90A92B08DFBA00F043B7 /* bitirmedenemeApp.swift in Sources */ = {isa = PBXBuildFile; fileRef = 9A8D90A82B08DFBA00F043B7 /* bitirmedenemeApp.swift */; };
		9A8D90AB2B08DFBA00F043B7 /* RegisterView.swift in Sources */ = {isa = PBXBuildFile; fileRef = 9A8D90AA2B08DFBA00F043B7 /* RegisterView.swift */; };
		9A8D90AD2B08DFBB00F043B7 /* Assets.xcassets in Resources */ = {isa = PBXBuildFile; fileRef = 9A8D90AC2B08DFBB00F043B7 /* Assets.xcassets */; };
		9A8D90B02B08DFBB00F043B7 /* Preview Assets.xcassets in Resources */ = {isa = PBXBuildFile; fileRef = 9A8D90AF2B08DFBB00F043B7 /* Preview Assets.xcassets */; };
		9A8D90BA2B08DFBB00F043B7 /* bitirmedenemeTests.swift in Sources */ = {isa = PBXBuildFile; fileRef = 9A8D90B92B08DFBB00F043B7 /* bitirmedenemeTests.swift */; };
		9A8D90C42B08DFBB00F043B7 /* bitirmedenemeUITests.swift in Sources */ = {isa = PBXBuildFile; fileRef = 9A8D90C32B08DFBB00F043B7 /* bitirmedenemeUITests.swift */; };
		9A8D90C62B08DFBB00F043B7 /* bitirmedenemeUITestsLaunchTests.swift in Sources */ = {isa = PBXBuildFile; fileRef = 9A8D90C52B08DFBB00F043B7 /* bitirmedenemeUITestsLaunchTests.swift */; };
		9A8D90D32B08E43E00F043B7 /* GoogleService-Info.plist in Resources */ = {isa = PBXBuildFile; fileRef = 9A8D90D22B08E43E00F043B7 /* GoogleService-Info.plist */; };
		9A8D90D62B08E50A00F043B7 /* FirebaseAnalytics in Frameworks */ = {isa = PBXBuildFile; productRef = 9A8D90D52B08E50A00F043B7 /* FirebaseAnalytics */; };
		9A8D90D82B08E50A00F043B7 /* FirebaseAppCheck in Frameworks */ = {isa = PBXBuildFile; productRef = 9A8D90D72B08E50A00F043B7 /* FirebaseAppCheck */; };
		9A8D90DA2B08E50A00F043B7 /* FirebaseAuth in Frameworks */ = {isa = PBXBuildFile; productRef = 9A8D90D92B08E50A00F043B7 /* FirebaseAuth */; };
		9A8D90DC2B08E50A00F043B7 /* FirebaseDatabase in Frameworks */ = {isa = PBXBuildFile; productRef = 9A8D90DB2B08E50A00F043B7 /* FirebaseDatabase */; };
		9A8D90DE2B08E50A00F043B7 /* FirebaseFirestore in Frameworks */ = {isa = PBXBuildFile; productRef = 9A8D90DD2B08E50A00F043B7 /* FirebaseFirestore */; };
		9A8D90E02B08E50A00F043B7 /* FirebaseStorage in Frameworks */ = {isa = PBXBuildFile; productRef = 9A8D90DF2B08E50A00F043B7 /* FirebaseStorage */; };
		9A8D90E22B08E84200F043B7 /* LoginView.swift in Sources */ = {isa = PBXBuildFile; fileRef = 9A8D90E12B08E84200F043B7 /* LoginView.swift */; };
		9A8D90E42B08F89000F043B7 /* HomeView.swift in Sources */ = {isa = PBXBuildFile; fileRef = 9A8D90E32B08F89000F043B7 /* HomeView.swift */; };
		9A8D90E62B08F8DB00F043B7 /* Book.swift in Sources */ = {isa = PBXBuildFile; fileRef = 9A8D90E52B08F8DB00F043B7 /* Book.swift */; };
		9A8D90EB2B08F98200F043B7 /* BookViewModel.swift in Sources */ = {isa = PBXBuildFile; fileRef = 9A8D90EA2B08F98200F043B7 /* BookViewModel.swift */; };
		9A8D90ED2B08FF6400F043B7 /* AddBookView.swift in Sources */ = {isa = PBXBuildFile; fileRef = 9A8D90EC2B08FF6400F043B7 /* AddBookView.swift */; };
		9A8D90F12B09035F00F043B7 /* BookListView.swift in Sources */ = {isa = PBXBuildFile; fileRef = 9A8D90F02B09035F00F043B7 /* BookListView.swift */; };
		9A8D90F32B09038D00F043B7 /* FilteredBooksView.swift in Sources */ = {isa = PBXBuildFile; fileRef = 9A8D90F22B09038D00F043B7 /* FilteredBooksView.swift */; };
		9A8D90F52B0904A000F043B7 /* SearchBar.swift in Sources */ = {isa = PBXBuildFile; fileRef = 9A8D90F42B0904A000F043B7 /* SearchBar.swift */; };
		9A8D90F72B09059800F043B7 /* BookDetailView.swift in Sources */ = {isa = PBXBuildFile; fileRef = 9A8D90F62B09059800F043B7 /* BookDetailView.swift */; };
		9A8D90F92B0905CF00F043B7 /* BookRowView.swift in Sources */ = {isa = PBXBuildFile; fileRef = 9A8D90F82B0905CF00F043B7 /* BookRowView.swift */; };
		9A9331F52B3776CE00B8DE06 /* BookBorrowingView.swift in Sources */ = {isa = PBXBuildFile; fileRef = 9A9331F42B3776CE00B8DE06 /* BookBorrowingView.swift */; };
		9AAC04172B360E3C008CE44F /* AvatarGalleryView.swift in Sources */ = {isa = PBXBuildFile; fileRef = 9AAC04162B360E3C008CE44F /* AvatarGalleryView.swift */; };
		9AAC04192B3611D4008CE44F /* UserDefaultsManager.swift in Sources */ = {isa = PBXBuildFile; fileRef = 9AAC04182B3611D4008CE44F /* UserDefaultsManager.swift */; };
		9ACDC0D82B112AC200FE770C /* FirebaseImageView.swift in Sources */ = {isa = PBXBuildFile; fileRef = 9ACDC0D72B112AC200FE770C /* FirebaseImageView.swift */; };
		9ACDC0DB2B112B8F00FE770C /* SDWebImageSwiftUI in Frameworks */ = {isa = PBXBuildFile; productRef = 9ACDC0DA2B112B8F00FE770C /* SDWebImageSwiftUI */; };
/* End PBXBuildFile section */

/* Begin PBXContainerItemProxy section */
		9A8D90B62B08DFBB00F043B7 /* PBXContainerItemProxy */ = {
			isa = PBXContainerItemProxy;
			containerPortal = 9A8D909D2B08DFBA00F043B7 /* Project object */;
			proxyType = 1;
			remoteGlobalIDString = 9A8D90A42B08DFBA00F043B7;
			remoteInfo = bitirmedeneme;
		};
		9A8D90C02B08DFBB00F043B7 /* PBXContainerItemProxy */ = {
			isa = PBXContainerItemProxy;
			containerPortal = 9A8D909D2B08DFBA00F043B7 /* Project object */;
			proxyType = 1;
			remoteGlobalIDString = 9A8D90A42B08DFBA00F043B7;
			remoteInfo = bitirmedeneme;
		};
/* End PBXContainerItemProxy section */

/* Begin PBXFileReference section */
		9A0493532B0CA54C0050FDDE /* SplashScreen.swift */ = {isa = PBXFileReference; lastKnownFileType = sourcecode.swift; path = SplashScreen.swift; sourceTree = "<group>"; };
		9A0493552B0CEB780050FDDE /* BorrowedBooksView.swift */ = {isa = PBXFileReference; lastKnownFileType = sourcecode.swift; path = BorrowedBooksView.swift; sourceTree = "<group>"; };
		9A0493572B0CED840050FDDE /* ProfileView.swift */ = {isa = PBXFileReference; lastKnownFileType = sourcecode.swift; path = ProfileView.swift; sourceTree = "<group>"; };
		9A0493592B0D40250050FDDE /* ImagePicker.swift */ = {isa = PBXFileReference; lastKnownFileType = sourcecode.swift; path = ImagePicker.swift; sourceTree = "<group>"; };
		9A072FAA2B20B10F0010F8F2 /* BookCardGridView.swift */ = {isa = PBXFileReference; lastKnownFileType = sourcecode.swift; path = BookCardGridView.swift; sourceTree = "<group>"; };
		9A40F5FD2B0E99D80042B440 /* BookData.swift */ = {isa = PBXFileReference; lastKnownFileType = sourcecode.swift; path = BookData.swift; sourceTree = "<group>"; };
		9A47D4C62B21B41E006E7B5B /* BookUpdateView.swift */ = {isa = PBXFileReference; lastKnownFileType = sourcecode.swift; path = BookUpdateView.swift; sourceTree = "<group>"; };
		9A5C156E2B10BCE2002BEC64 /* Info.plist */ = {isa = PBXFileReference; lastKnownFileType = text.plist; path = Info.plist; sourceTree = "<group>"; };
		9A7995242B0F4C3800BC141D /* BookCardListView.swift */ = {isa = PBXFileReference; lastKnownFileType = sourcecode.swift; path = BookCardListView.swift; sourceTree = "<group>"; };
		9A8D90A52B08DFBA00F043B7 /* bitirmedeneme.app */ = {isa = PBXFileReference; explicitFileType = wrapper.application; includeInIndex = 0; path = bitirmedeneme.app; sourceTree = BUILT_PRODUCTS_DIR; };
		9A8D90A82B08DFBA00F043B7 /* bitirmedenemeApp.swift */ = {isa = PBXFileReference; lastKnownFileType = sourcecode.swift; path = bitirmedenemeApp.swift; sourceTree = "<group>"; };
		9A8D90AA2B08DFBA00F043B7 /* RegisterView.swift */ = {isa = PBXFileReference; lastKnownFileType = sourcecode.swift; path = RegisterView.swift; sourceTree = "<group>"; };
		9A8D90AC2B08DFBB00F043B7 /* Assets.xcassets */ = {isa = PBXFileReference; lastKnownFileType = folder.assetcatalog; path = Assets.xcassets; sourceTree = "<group>"; };
		9A8D90AF2B08DFBB00F043B7 /* Preview Assets.xcassets */ = {isa = PBXFileReference; lastKnownFileType = folder.assetcatalog; path = "Preview Assets.xcassets"; sourceTree = "<group>"; };
		9A8D90B52B08DFBB00F043B7 /* bitirmedenemeTests.xctest */ = {isa = PBXFileReference; explicitFileType = wrapper.cfbundle; includeInIndex = 0; path = bitirmedenemeTests.xctest; sourceTree = BUILT_PRODUCTS_DIR; };
		9A8D90B92B08DFBB00F043B7 /* bitirmedenemeTests.swift */ = {isa = PBXFileReference; lastKnownFileType = sourcecode.swift; path = bitirmedenemeTests.swift; sourceTree = "<group>"; };
		9A8D90BF2B08DFBB00F043B7 /* bitirmedenemeUITests.xctest */ = {isa = PBXFileReference; explicitFileType = wrapper.cfbundle; includeInIndex = 0; path = bitirmedenemeUITests.xctest; sourceTree = BUILT_PRODUCTS_DIR; };
		9A8D90C32B08DFBB00F043B7 /* bitirmedenemeUITests.swift */ = {isa = PBXFileReference; lastKnownFileType = sourcecode.swift; path = bitirmedenemeUITests.swift; sourceTree = "<group>"; };
		9A8D90C52B08DFBB00F043B7 /* bitirmedenemeUITestsLaunchTests.swift */ = {isa = PBXFileReference; lastKnownFileType = sourcecode.swift; path = bitirmedenemeUITestsLaunchTests.swift; sourceTree = "<group>"; };
		9A8D90D22B08E43E00F043B7 /* GoogleService-Info.plist */ = {isa = PBXFileReference; fileEncoding = 4; lastKnownFileType = text.plist.xml; path = "GoogleService-Info.plist"; sourceTree = "<group>"; };
		9A8D90E12B08E84200F043B7 /* LoginView.swift */ = {isa = PBXFileReference; lastKnownFileType = sourcecode.swift; path = LoginView.swift; sourceTree = "<group>"; };
		9A8D90E32B08F89000F043B7 /* HomeView.swift */ = {isa = PBXFileReference; lastKnownFileType = sourcecode.swift; path = HomeView.swift; sourceTree = "<group>"; };
		9A8D90E52B08F8DB00F043B7 /* Book.swift */ = {isa = PBXFileReference; lastKnownFileType = sourcecode.swift; path = Book.swift; sourceTree = "<group>"; };
		9A8D90EA2B08F98200F043B7 /* BookViewModel.swift */ = {isa = PBXFileReference; lastKnownFileType = sourcecode.swift; path = BookViewModel.swift; sourceTree = "<group>"; };
		9A8D90EC2B08FF6400F043B7 /* AddBookView.swift */ = {isa = PBXFileReference; lastKnownFileType = sourcecode.swift; path = AddBookView.swift; sourceTree = "<group>"; };
		9A8D90F02B09035F00F043B7 /* BookListView.swift */ = {isa = PBXFileReference; lastKnownFileType = sourcecode.swift; path = BookListView.swift; sourceTree = "<group>"; };
		9A8D90F22B09038D00F043B7 /* FilteredBooksView.swift */ = {isa = PBXFileReference; lastKnownFileType = sourcecode.swift; path = FilteredBooksView.swift; sourceTree = "<group>"; };
		9A8D90F42B0904A000F043B7 /* SearchBar.swift */ = {isa = PBXFileReference; lastKnownFileType = sourcecode.swift; path = SearchBar.swift; sourceTree = "<group>"; };
		9A8D90F62B09059800F043B7 /* BookDetailView.swift */ = {isa = PBXFileReference; lastKnownFileType = sourcecode.swift; path = BookDetailView.swift; sourceTree = "<group>"; };
		9A8D90F82B0905CF00F043B7 /* BookRowView.swift */ = {isa = PBXFileReference; lastKnownFileType = sourcecode.swift; path = BookRowView.swift; sourceTree = "<group>"; };
		9A9331F42B3776CE00B8DE06 /* BookBorrowingView.swift */ = {isa = PBXFileReference; lastKnownFileType = sourcecode.swift; path = BookBorrowingView.swift; sourceTree = "<group>"; };
		9AAC04162B360E3C008CE44F /* AvatarGalleryView.swift */ = {isa = PBXFileReference; lastKnownFileType = sourcecode.swift; path = AvatarGalleryView.swift; sourceTree = "<group>"; };
		9AAC04182B3611D4008CE44F /* UserDefaultsManager.swift */ = {isa = PBXFileReference; lastKnownFileType = sourcecode.swift; path = UserDefaultsManager.swift; sourceTree = "<group>"; };
		9ACDC0D72B112AC200FE770C /* FirebaseImageView.swift */ = {isa = PBXFileReference; lastKnownFileType = sourcecode.swift; path = FirebaseImageView.swift; sourceTree = "<group>"; };
/* End PBXFileReference section */

/* Begin PBXFrameworksBuildPhase section */
		9A8D90A22B08DFBA00F043B7 /* Frameworks */ = {
			isa = PBXFrameworksBuildPhase;
			buildActionMask = 2147483647;
			files = (
				9ACDC0DB2B112B8F00FE770C /* SDWebImageSwiftUI in Frameworks */,
				9A8D90D82B08E50A00F043B7 /* FirebaseAppCheck in Frameworks */,
				9A8D90DA2B08E50A00F043B7 /* FirebaseAuth in Frameworks */,
				9A8D90DC2B08E50A00F043B7 /* FirebaseDatabase in Frameworks */,
				9A8D90DE2B08E50A00F043B7 /* FirebaseFirestore in Frameworks */,
				9A8D90D62B08E50A00F043B7 /* FirebaseAnalytics in Frameworks */,
				9A8D90E02B08E50A00F043B7 /* FirebaseStorage in Frameworks */,
			);
			runOnlyForDeploymentPostprocessing = 0;
		};
		9A8D90B22B08DFBB00F043B7 /* Frameworks */ = {
			isa = PBXFrameworksBuildPhase;
			buildActionMask = 2147483647;
			files = (
			);
			runOnlyForDeploymentPostprocessing = 0;
		};
		9A8D90BC2B08DFBB00F043B7 /* Frameworks */ = {
			isa = PBXFrameworksBuildPhase;
			buildActionMask = 2147483647;
			files = (
			);
			runOnlyForDeploymentPostprocessing = 0;
		};
/* End PBXFrameworksBuildPhase section */

/* Begin PBXGroup section */
		9A5FCE902B0910ED004F5B8F /* Frameworks */ = {
			isa = PBXGroup;
			children = (
			);
			name = Frameworks;
			sourceTree = "<group>";
		};
		9A8D909C2B08DFBA00F043B7 = {
			isa = PBXGroup;
			children = (
				9A8D90A72B08DFBA00F043B7 /* bitirmedeneme */,
				9A8D90B82B08DFBB00F043B7 /* bitirmedenemeTests */,
				9A8D90C22B08DFBB00F043B7 /* bitirmedenemeUITests */,
				9A8D90A62B08DFBA00F043B7 /* Products */,
				9A5FCE902B0910ED004F5B8F /* Frameworks */,
			);
			sourceTree = "<group>";
		};
		9A8D90A62B08DFBA00F043B7 /* Products */ = {
			isa = PBXGroup;
			children = (
				9A8D90A52B08DFBA00F043B7 /* bitirmedeneme.app */,
				9A8D90B52B08DFBB00F043B7 /* bitirmedenemeTests.xctest */,
				9A8D90BF2B08DFBB00F043B7 /* bitirmedenemeUITests.xctest */,
			);
			name = Products;
			sourceTree = "<group>";
		};
		9A8D90A72B08DFBA00F043B7 /* bitirmedeneme */ = {
			isa = PBXGroup;
			children = (
				9A5C156E2B10BCE2002BEC64 /* Info.plist */,
				9A8D90A82B08DFBA00F043B7 /* bitirmedenemeApp.swift */,
				9A8D90E92B08F96A00F043B7 /* ViewModels */,
				9A8D90E72B08F8F800F043B7 /* Model */,
				9A8D90AA2B08DFBA00F043B7 /* RegisterView.swift */,
				9A8D90E12B08E84200F043B7 /* LoginView.swift */,
				9A8D90AC2B08DFBB00F043B7 /* Assets.xcassets */,
				9A8D90AE2B08DFBB00F043B7 /* Preview Content */,
				9A0493532B0CA54C0050FDDE /* SplashScreen.swift */,
				9A8D90E32B08F89000F043B7 /* HomeView.swift */,
				9A8D90EC2B08FF6400F043B7 /* AddBookView.swift */,
				9A8D90F02B09035F00F043B7 /* BookListView.swift */,
				9A8D90F22B09038D00F043B7 /* FilteredBooksView.swift */,
				9A8D90F42B0904A000F043B7 /* SearchBar.swift */,
				9A8D90F62B09059800F043B7 /* BookDetailView.swift */,
				9A8D90F82B0905CF00F043B7 /* BookRowView.swift */,
				9A0493552B0CEB780050FDDE /* BorrowedBooksView.swift */,
				9A47D4C62B21B41E006E7B5B /* BookUpdateView.swift */,
				9A0493572B0CED840050FDDE /* ProfileView.swift */,
				9A0493592B0D40250050FDDE /* ImagePicker.swift */,
				9A7995242B0F4C3800BC141D /* BookCardListView.swift */,
				9ACDC0D72B112AC200FE770C /* FirebaseImageView.swift */,
				9A072FAA2B20B10F0010F8F2 /* BookCardGridView.swift */,
				9AAC04162B360E3C008CE44F /* AvatarGalleryView.swift */,
				9AAC04182B3611D4008CE44F /* UserDefaultsManager.swift */,
				9A9331F42B3776CE00B8DE06 /* BookBorrowingView.swift */,
			);
			path = bitirmedeneme;
			sourceTree = "<group>";
		};
		9A8D90AE2B08DFBB00F043B7 /* Preview Content */ = {
			isa = PBXGroup;
			children = (
				9A8D90AF2B08DFBB00F043B7 /* Preview Assets.xcassets */,
			);
			path = "Preview Content";
			sourceTree = "<group>";
		};
		9A8D90B82B08DFBB00F043B7 /* bitirmedenemeTests */ = {
			isa = PBXGroup;
			children = (
				9A8D90B92B08DFBB00F043B7 /* bitirmedenemeTests.swift */,
			);
			path = bitirmedenemeTests;
			sourceTree = "<group>";
		};
		9A8D90C22B08DFBB00F043B7 /* bitirmedenemeUITests */ = {
			isa = PBXGroup;
			children = (
				9A8D90C32B08DFBB00F043B7 /* bitirmedenemeUITests.swift */,
				9A8D90C52B08DFBB00F043B7 /* bitirmedenemeUITestsLaunchTests.swift */,
				9A8D90D22B08E43E00F043B7 /* GoogleService-Info.plist */,
			);
			path = bitirmedenemeUITests;
			sourceTree = "<group>";
		};
		9A8D90E72B08F8F800F043B7 /* Model */ = {
			isa = PBXGroup;
			children = (
				9A8D90E52B08F8DB00F043B7 /* Book.swift */,
				9A40F5FD2B0E99D80042B440 /* BookData.swift */,
			);
			path = Model;
			sourceTree = "<group>";
		};
		9A8D90E92B08F96A00F043B7 /* ViewModels */ = {
			isa = PBXGroup;
			children = (
				9A8D90EA2B08F98200F043B7 /* BookViewModel.swift */,
			);
			path = ViewModels;
			sourceTree = "<group>";
		};
/* End PBXGroup section */

/* Begin PBXNativeTarget section */
		9A8D90A42B08DFBA00F043B7 /* bitirmedeneme */ = {
			isa = PBXNativeTarget;
			buildConfigurationList = 9A8D90C92B08DFBB00F043B7 /* Build configuration list for PBXNativeTarget "bitirmedeneme" */;
			buildPhases = (
				9A8D90A12B08DFBA00F043B7 /* Sources */,
				9A8D90A22B08DFBA00F043B7 /* Frameworks */,
				9A8D90A32B08DFBA00F043B7 /* Resources */,
			);
			buildRules = (
			);
			dependencies = (
			);
			name = bitirmedeneme;
			packageProductDependencies = (
				9A8D90D52B08E50A00F043B7 /* FirebaseAnalytics */,
				9A8D90D72B08E50A00F043B7 /* FirebaseAppCheck */,
				9A8D90D92B08E50A00F043B7 /* FirebaseAuth */,
				9A8D90DB2B08E50A00F043B7 /* FirebaseDatabase */,
				9A8D90DD2B08E50A00F043B7 /* FirebaseFirestore */,
				9A8D90DF2B08E50A00F043B7 /* FirebaseStorage */,
				9ACDC0DA2B112B8F00FE770C /* SDWebImageSwiftUI */,
			);
			productName = bitirmedeneme;
			productReference = 9A8D90A52B08DFBA00F043B7 /* bitirmedeneme.app */;
			productType = "com.apple.product-type.application";
		};
		9A8D90B42B08DFBB00F043B7 /* bitirmedenemeTests */ = {
			isa = PBXNativeTarget;
			buildConfigurationList = 9A8D90CC2B08DFBB00F043B7 /* Build configuration list for PBXNativeTarget "bitirmedenemeTests" */;
			buildPhases = (
				9A8D90B12B08DFBB00F043B7 /* Sources */,
				9A8D90B22B08DFBB00F043B7 /* Frameworks */,
				9A8D90B32B08DFBB00F043B7 /* Resources */,
			);
			buildRules = (
			);
			dependencies = (
				9A8D90B72B08DFBB00F043B7 /* PBXTargetDependency */,
			);
			name = bitirmedenemeTests;
			productName = bitirmedenemeTests;
			productReference = 9A8D90B52B08DFBB00F043B7 /* bitirmedenemeTests.xctest */;
			productType = "com.apple.product-type.bundle.unit-test";
		};
		9A8D90BE2B08DFBB00F043B7 /* bitirmedenemeUITests */ = {
			isa = PBXNativeTarget;
			buildConfigurationList = 9A8D90CF2B08DFBB00F043B7 /* Build configuration list for PBXNativeTarget "bitirmedenemeUITests" */;
			buildPhases = (
				9A8D90BB2B08DFBB00F043B7 /* Sources */,
				9A8D90BC2B08DFBB00F043B7 /* Frameworks */,
				9A8D90BD2B08DFBB00F043B7 /* Resources */,
			);
			buildRules = (
			);
			dependencies = (
				9A8D90C12B08DFBB00F043B7 /* PBXTargetDependency */,
			);
			name = bitirmedenemeUITests;
			productName = bitirmedenemeUITests;
			productReference = 9A8D90BF2B08DFBB00F043B7 /* bitirmedenemeUITests.xctest */;
			productType = "com.apple.product-type.bundle.ui-testing";
		};
/* End PBXNativeTarget section */

/* Begin PBXProject section */
		9A8D909D2B08DFBA00F043B7 /* Project object */ = {
			isa = PBXProject;
			attributes = {
				BuildIndependentTargetsInParallel = 1;
				LastSwiftUpdateCheck = 1430;
				LastUpgradeCheck = 1430;
				TargetAttributes = {
					9A8D90A42B08DFBA00F043B7 = {
						CreatedOnToolsVersion = 14.3;
					};
					9A8D90B42B08DFBB00F043B7 = {
						CreatedOnToolsVersion = 14.3;
						TestTargetID = 9A8D90A42B08DFBA00F043B7;
					};
					9A8D90BE2B08DFBB00F043B7 = {
						CreatedOnToolsVersion = 14.3;
						TestTargetID = 9A8D90A42B08DFBA00F043B7;
					};
				};
			};
			buildConfigurationList = 9A8D90A02B08DFBA00F043B7 /* Build configuration list for PBXProject "bitirmedeneme" */;
			compatibilityVersion = "Xcode 14.0";
			developmentRegion = en;
			hasScannedForEncodings = 0;
			knownRegions = (
				en,
				Base,
			);
			mainGroup = 9A8D909C2B08DFBA00F043B7;
			packageReferences = (
				9A8D90D42B08E50A00F043B7 /* XCRemoteSwiftPackageReference "firebase-ios-sdk" */,
				9ACDC0D92B112B8F00FE770C /* XCRemoteSwiftPackageReference "SDWebImageSwiftUI" */,
			);
			productRefGroup = 9A8D90A62B08DFBA00F043B7 /* Products */;
			projectDirPath = "";
			projectRoot = "";
			targets = (
				9A8D90A42B08DFBA00F043B7 /* bitirmedeneme */,
				9A8D90B42B08DFBB00F043B7 /* bitirmedenemeTests */,
				9A8D90BE2B08DFBB00F043B7 /* bitirmedenemeUITests */,
			);
		};
/* End PBXProject section */

/* Begin PBXResourcesBuildPhase section */
		9A8D90A32B08DFBA00F043B7 /* Resources */ = {
			isa = PBXResourcesBuildPhase;
			buildActionMask = 2147483647;
			files = (
				9A8D90B02B08DFBB00F043B7 /* Preview Assets.xcassets in Resources */,
				9A8D90AD2B08DFBB00F043B7 /* Assets.xcassets in Resources */,
				9A8D90D32B08E43E00F043B7 /* GoogleService-Info.plist in Resources */,
			);
			runOnlyForDeploymentPostprocessing = 0;
		};
		9A8D90B32B08DFBB00F043B7 /* Resources */ = {
			isa = PBXResourcesBuildPhase;
			buildActionMask = 2147483647;
			files = (
			);
			runOnlyForDeploymentPostprocessing = 0;
		};
		9A8D90BD2B08DFBB00F043B7 /* Resources */ = {
			isa = PBXResourcesBuildPhase;
			buildActionMask = 2147483647;
			files = (
			);
			runOnlyForDeploymentPostprocessing = 0;
		};
/* End PBXResourcesBuildPhase section */

/* Begin PBXSourcesBuildPhase section */
		9A8D90A12B08DFBA00F043B7 /* Sources */ = {
			isa = PBXSourcesBuildPhase;
			buildActionMask = 2147483647;
			files = (
				9A8D90ED2B08FF6400F043B7 /* AddBookView.swift in Sources */,
				9A40F5FE2B0E99D80042B440 /* BookData.swift in Sources */,
				9A8D90E22B08E84200F043B7 /* LoginView.swift in Sources */,
				9A47D4C72B21B41E006E7B5B /* BookUpdateView.swift in Sources */,
				9A8D90E42B08F89000F043B7 /* HomeView.swift in Sources */,
				9A8D90F32B09038D00F043B7 /* FilteredBooksView.swift in Sources */,
				9A8D90AB2B08DFBA00F043B7 /* RegisterView.swift in Sources */,
				9AAC04192B3611D4008CE44F /* UserDefaultsManager.swift in Sources */,
				9A8D90E62B08F8DB00F043B7 /* Book.swift in Sources */,
				9A8D90A92B08DFBA00F043B7 /* bitirmedenemeApp.swift in Sources */,
				9A0493582B0CED840050FDDE /* ProfileView.swift in Sources */,
				9AAC04172B360E3C008CE44F /* AvatarGalleryView.swift in Sources */,
				9A0493542B0CA54C0050FDDE /* SplashScreen.swift in Sources */,
				9A8D90F52B0904A000F043B7 /* SearchBar.swift in Sources */,
				9A0493562B0CEB780050FDDE /* BorrowedBooksView.swift in Sources */,
				9ACDC0D82B112AC200FE770C /* FirebaseImageView.swift in Sources */,
				9A8D90F72B09059800F043B7 /* BookDetailView.swift in Sources */,
				9A9331F52B3776CE00B8DE06 /* BookBorrowingView.swift in Sources */,
				9A04935A2B0D40250050FDDE /* ImagePicker.swift in Sources */,
				9A8D90EB2B08F98200F043B7 /* BookViewModel.swift in Sources */,
				9A8D90F92B0905CF00F043B7 /* BookRowView.swift in Sources */,
				9A7995252B0F4C3800BC141D /* BookCardListView.swift in Sources */,
				9A8D90F12B09035F00F043B7 /* BookListView.swift in Sources */,
				9A072FAB2B20B10F0010F8F2 /* BookCardGridView.swift in Sources */,
			);
			runOnlyForDeploymentPostprocessing = 0;
		};
		9A8D90B12B08DFBB00F043B7 /* Sources */ = {
			isa = PBXSourcesBuildPhase;
			buildActionMask = 2147483647;
			files = (
				9A8D90BA2B08DFBB00F043B7 /* bitirmedenemeTests.swift in Sources */,
			);
			runOnlyForDeploymentPostprocessing = 0;
		};
		9A8D90BB2B08DFBB00F043B7 /* Sources */ = {
			isa = PBXSourcesBuildPhase;
			buildActionMask = 2147483647;
			files = (
				9A8D90C42B08DFBB00F043B7 /* bitirmedenemeUITests.swift in Sources */,
				9A8D90C62B08DFBB00F043B7 /* bitirmedenemeUITestsLaunchTests.swift in Sources */,
			);
			runOnlyForDeploymentPostprocessing = 0;
		};
/* End PBXSourcesBuildPhase section */

/* Begin PBXTargetDependency section */
		9A8D90B72B08DFBB00F043B7 /* PBXTargetDependency */ = {
			isa = PBXTargetDependency;
			target = 9A8D90A42B08DFBA00F043B7 /* bitirmedeneme */;
			targetProxy = 9A8D90B62B08DFBB00F043B7 /* PBXContainerItemProxy */;
		};
		9A8D90C12B08DFBB00F043B7 /* PBXTargetDependency */ = {
			isa = PBXTargetDependency;
			target = 9A8D90A42B08DFBA00F043B7 /* bitirmedeneme */;
			targetProxy = 9A8D90C02B08DFBB00F043B7 /* PBXContainerItemProxy */;
		};
/* End PBXTargetDependency section */

/* Begin XCBuildConfiguration section */
		9A8D90C72B08DFBB00F043B7 /* Debug */ = {
			isa = XCBuildConfiguration;
			buildSettings = {
				ALWAYS_SEARCH_USER_PATHS = NO;
				CLANG_ANALYZER_NONNULL = YES;
				CLANG_ANALYZER_NUMBER_OBJECT_CONVERSION = YES_AGGRESSIVE;
				CLANG_CXX_LANGUAGE_STANDARD = "gnu++20";
				CLANG_ENABLE_MODULES = YES;
				CLANG_ENABLE_OBJC_ARC = YES;
				CLANG_ENABLE_OBJC_WEAK = YES;
				CLANG_WARN_BLOCK_CAPTURE_AUTORELEASING = YES;
				CLANG_WARN_BOOL_CONVERSION = YES;
				CLANG_WARN_COMMA = YES;
				CLANG_WARN_CONSTANT_CONVERSION = YES;
				CLANG_WARN_DEPRECATED_OBJC_IMPLEMENTATIONS = YES;
				CLANG_WARN_DIRECT_OBJC_ISA_USAGE = YES_ERROR;
				CLANG_WARN_DOCUMENTATION_COMMENTS = YES;
				CLANG_WARN_EMPTY_BODY = YES;
				CLANG_WARN_ENUM_CONVERSION = YES;
				CLANG_WARN_INFINITE_RECURSION = YES;
				CLANG_WARN_INT_CONVERSION = YES;
				CLANG_WARN_NON_LITERAL_NULL_CONVERSION = YES;
				CLANG_WARN_OBJC_IMPLICIT_RETAIN_SELF = YES;
				CLANG_WARN_OBJC_LITERAL_CONVERSION = YES;
				CLANG_WARN_OBJC_ROOT_CLASS = YES_ERROR;
				CLANG_WARN_QUOTED_INCLUDE_IN_FRAMEWORK_HEADER = YES;
				CLANG_WARN_RANGE_LOOP_ANALYSIS = YES;
				CLANG_WARN_STRICT_PROTOTYPES = YES;
				CLANG_WARN_SUSPICIOUS_MOVE = YES;
				CLANG_WARN_UNGUARDED_AVAILABILITY = YES_AGGRESSIVE;
				CLANG_WARN_UNREACHABLE_CODE = YES;
				CLANG_WARN__DUPLICATE_METHOD_MATCH = YES;
				COPY_PHASE_STRIP = NO;
				DEBUG_INFORMATION_FORMAT = dwarf;
				ENABLE_STRICT_OBJC_MSGSEND = YES;
				ENABLE_TESTABILITY = YES;
				GCC_C_LANGUAGE_STANDARD = gnu11;
				GCC_DYNAMIC_NO_PIC = NO;
				GCC_NO_COMMON_BLOCKS = YES;
				GCC_OPTIMIZATION_LEVEL = 0;
				GCC_PREPROCESSOR_DEFINITIONS = (
					"DEBUG=1",
					"$(inherited)",
				);
				GCC_WARN_64_TO_32_BIT_CONVERSION = YES;
				GCC_WARN_ABOUT_RETURN_TYPE = YES_ERROR;
				GCC_WARN_UNDECLARED_SELECTOR = YES;
				GCC_WARN_UNINITIALIZED_AUTOS = YES_AGGRESSIVE;
				GCC_WARN_UNUSED_FUNCTION = YES;
				GCC_WARN_UNUSED_VARIABLE = YES;
				IPHONEOS_DEPLOYMENT_TARGET = 16.4;
				MTL_ENABLE_DEBUG_INFO = INCLUDE_SOURCE;
				MTL_FAST_MATH = YES;
				ONLY_ACTIVE_ARCH = YES;
				SDKROOT = iphoneos;
				SWIFT_ACTIVE_COMPILATION_CONDITIONS = DEBUG;
				SWIFT_OPTIMIZATION_LEVEL = "-Onone";
			};
			name = Debug;
		};
		9A8D90C82B08DFBB00F043B7 /* Release */ = {
			isa = XCBuildConfiguration;
			buildSettings = {
				ALWAYS_SEARCH_USER_PATHS = NO;
				CLANG_ANALYZER_NONNULL = YES;
				CLANG_ANALYZER_NUMBER_OBJECT_CONVERSION = YES_AGGRESSIVE;
				CLANG_CXX_LANGUAGE_STANDARD = "gnu++20";
				CLANG_ENABLE_MODULES = YES;
				CLANG_ENABLE_OBJC_ARC = YES;
				CLANG_ENABLE_OBJC_WEAK = YES;
				CLANG_WARN_BLOCK_CAPTURE_AUTORELEASING = YES;
				CLANG_WARN_BOOL_CONVERSION = YES;
				CLANG_WARN_COMMA = YES;
				CLANG_WARN_CONSTANT_CONVERSION = YES;
				CLANG_WARN_DEPRECATED_OBJC_IMPLEMENTATIONS = YES;
				CLANG_WARN_DIRECT_OBJC_ISA_USAGE = YES_ERROR;
				CLANG_WARN_DOCUMENTATION_COMMENTS = YES;
				CLANG_WARN_EMPTY_BODY = YES;
				CLANG_WARN_ENUM_CONVERSION = YES;
				CLANG_WARN_INFINITE_RECURSION = YES;
				CLANG_WARN_INT_CONVERSION = YES;
				CLANG_WARN_NON_LITERAL_NULL_CONVERSION = YES;
				CLANG_WARN_OBJC_IMPLICIT_RETAIN_SELF = YES;
				CLANG_WARN_OBJC_LITERAL_CONVERSION = YES;
				CLANG_WARN_OBJC_ROOT_CLASS = YES_ERROR;
				CLANG_WARN_QUOTED_INCLUDE_IN_FRAMEWORK_HEADER = YES;
				CLANG_WARN_RANGE_LOOP_ANALYSIS = YES;
				CLANG_WARN_STRICT_PROTOTYPES = YES;
				CLANG_WARN_SUSPICIOUS_MOVE = YES;
				CLANG_WARN_UNGUARDED_AVAILABILITY = YES_AGGRESSIVE;
				CLANG_WARN_UNREACHABLE_CODE = YES;
				CLANG_WARN__DUPLICATE_METHOD_MATCH = YES;
				COPY_PHASE_STRIP = NO;
				DEBUG_INFORMATION_FORMAT = "dwarf-with-dsym";
				ENABLE_NS_ASSERTIONS = NO;
				ENABLE_STRICT_OBJC_MSGSEND = YES;
				GCC_C_LANGUAGE_STANDARD = gnu11;
				GCC_NO_COMMON_BLOCKS = YES;
				GCC_WARN_64_TO_32_BIT_CONVERSION = YES;
				GCC_WARN_ABOUT_RETURN_TYPE = YES_ERROR;
				GCC_WARN_UNDECLARED_SELECTOR = YES;
				GCC_WARN_UNINITIALIZED_AUTOS = YES_AGGRESSIVE;
				GCC_WARN_UNUSED_FUNCTION = YES;
				GCC_WARN_UNUSED_VARIABLE = YES;
				IPHONEOS_DEPLOYMENT_TARGET = 16.4;
				MTL_ENABLE_DEBUG_INFO = NO;
				MTL_FAST_MATH = YES;
				SDKROOT = iphoneos;
				SWIFT_COMPILATION_MODE = wholemodule;
				SWIFT_OPTIMIZATION_LEVEL = "-O";
				VALIDATE_PRODUCT = YES;
			};
			name = Release;
		};
		9A8D90CA2B08DFBB00F043B7 /* Debug */ = {
			isa = XCBuildConfiguration;
			buildSettings = {
				ASSETCATALOG_COMPILER_APPICON_NAME = AppIcon;
				ASSETCATALOG_COMPILER_GLOBAL_ACCENT_COLOR_NAME = AccentColor;
				CODE_SIGN_STYLE = Automatic;
				CURRENT_PROJECT_VERSION = 1;
				DEVELOPMENT_ASSET_PATHS = "\"bitirmedeneme/Preview Content\"";
				ENABLE_PREVIEWS = YES;
				GENERATE_INFOPLIST_FILE = YES;
				INFOPLIST_FILE = bitirmedeneme/Info.plist;
				INFOPLIST_KEY_NSPhotoLibraryUsageDescription = "To Choose a photo";
				INFOPLIST_KEY_UIApplicationSceneManifest_Generation = YES;
				INFOPLIST_KEY_UIApplicationSupportsIndirectInputEvents = YES;
				INFOPLIST_KEY_UILaunchScreen_Generation = YES;
				INFOPLIST_KEY_UISupportedInterfaceOrientations_iPad = "UIInterfaceOrientationPortrait UIInterfaceOrientationPortraitUpsideDown UIInterfaceOrientationLandscapeLeft UIInterfaceOrientationLandscapeRight";
				INFOPLIST_KEY_UISupportedInterfaceOrientations_iPhone = "UIInterfaceOrientationPortrait UIInterfaceOrientationLandscapeLeft UIInterfaceOrientationLandscapeRight";
				LD_RUNPATH_SEARCH_PATHS = (
					"$(inherited)",
					"@executable_path/Frameworks",
				);
				MARKETING_VERSION = 1.0;
				PRODUCT_BUNDLE_IDENTIFIER = beste.bitirmedeneme;
				PRODUCT_NAME = "$(TARGET_NAME)";
				SWIFT_EMIT_LOC_STRINGS = YES;
				SWIFT_VERSION = 5.0;
				TARGETED_DEVICE_FAMILY = "1,2";
			};
			name = Debug;
		};
		9A8D90CB2B08DFBB00F043B7 /* Release */ = {
			isa = XCBuildConfiguration;
			buildSettings = {
				ASSETCATALOG_COMPILER_APPICON_NAME = AppIcon;
				ASSETCATALOG_COMPILER_GLOBAL_ACCENT_COLOR_NAME = AccentColor;
				CODE_SIGN_STYLE = Automatic;
				CURRENT_PROJECT_VERSION = 1;
				DEVELOPMENT_ASSET_PATHS = "\"bitirmedeneme/Preview Content\"";
				ENABLE_PREVIEWS = YES;
				GENERATE_INFOPLIST_FILE = YES;
				INFOPLIST_FILE = bitirmedeneme/Info.plist;
				INFOPLIST_KEY_NSPhotoLibraryUsageDescription = "To Choose a photo";
				INFOPLIST_KEY_UIApplicationSceneManifest_Generation = YES;
				INFOPLIST_KEY_UIApplicationSupportsIndirectInputEvents = YES;
				INFOPLIST_KEY_UILaunchScreen_Generation = YES;
				INFOPLIST_KEY_UISupportedInterfaceOrientations_iPad = "UIInterfaceOrientationPortrait UIInterfaceOrientationPortraitUpsideDown UIInterfaceOrientationLandscapeLeft UIInterfaceOrientationLandscapeRight";
				INFOPLIST_KEY_UISupportedInterfaceOrientations_iPhone = "UIInterfaceOrientationPortrait UIInterfaceOrientationLandscapeLeft UIInterfaceOrientationLandscapeRight";
				LD_RUNPATH_SEARCH_PATHS = (
					"$(inherited)",
					"@executable_path/Frameworks",
				);
				MARKETING_VERSION = 1.0;
				PRODUCT_BUNDLE_IDENTIFIER = beste.bitirmedeneme;
				PRODUCT_NAME = "$(TARGET_NAME)";
				SWIFT_EMIT_LOC_STRINGS = YES;
				SWIFT_VERSION = 5.0;
				TARGETED_DEVICE_FAMILY = "1,2";
			};
			name = Release;
		};
		9A8D90CD2B08DFBB00F043B7 /* Debug */ = {
			isa = XCBuildConfiguration;
			buildSettings = {
				ALWAYS_EMBED_SWIFT_STANDARD_LIBRARIES = YES;
				BUNDLE_LOADER = "$(TEST_HOST)";
				CODE_SIGN_STYLE = Automatic;
				CURRENT_PROJECT_VERSION = 1;
				GENERATE_INFOPLIST_FILE = YES;
				IPHONEOS_DEPLOYMENT_TARGET = 16.4;
				MARKETING_VERSION = 1.0;
				PRODUCT_BUNDLE_IDENTIFIER = beste.bitirmedenemeTests;
				PRODUCT_NAME = "$(TARGET_NAME)";
				SWIFT_EMIT_LOC_STRINGS = NO;
				SWIFT_VERSION = 5.0;
				TARGETED_DEVICE_FAMILY = "1,2";
				TEST_HOST = "$(BUILT_PRODUCTS_DIR)/bitirmedeneme.app/$(BUNDLE_EXECUTABLE_FOLDER_PATH)/bitirmedeneme";
			};
			name = Debug;
		};
		9A8D90CE2B08DFBB00F043B7 /* Release */ = {
			isa = XCBuildConfiguration;
			buildSettings = {
				ALWAYS_EMBED_SWIFT_STANDARD_LIBRARIES = YES;
				BUNDLE_LOADER = "$(TEST_HOST)";
				CODE_SIGN_STYLE = Automatic;
				CURRENT_PROJECT_VERSION = 1;
				GENERATE_INFOPLIST_FILE = YES;
				IPHONEOS_DEPLOYMENT_TARGET = 16.4;
				MARKETING_VERSION = 1.0;
				PRODUCT_BUNDLE_IDENTIFIER = beste.bitirmedenemeTests;
				PRODUCT_NAME = "$(TARGET_NAME)";
				SWIFT_EMIT_LOC_STRINGS = NO;
				SWIFT_VERSION = 5.0;
				TARGETED_DEVICE_FAMILY = "1,2";
				TEST_HOST = "$(BUILT_PRODUCTS_DIR)/bitirmedeneme.app/$(BUNDLE_EXECUTABLE_FOLDER_PATH)/bitirmedeneme";
			};
			name = Release;
		};
		9A8D90D02B08DFBB00F043B7 /* Debug */ = {
			isa = XCBuildConfiguration;
			buildSettings = {
				ALWAYS_EMBED_SWIFT_STANDARD_LIBRARIES = YES;
				CODE_SIGN_STYLE = Automatic;
				CURRENT_PROJECT_VERSION = 1;
				GENERATE_INFOPLIST_FILE = YES;
				MARKETING_VERSION = 1.0;
				PRODUCT_BUNDLE_IDENTIFIER = beste.bitirmedenemeUITests;
				PRODUCT_NAME = "$(TARGET_NAME)";
				SWIFT_EMIT_LOC_STRINGS = NO;
				SWIFT_VERSION = 5.0;
				TARGETED_DEVICE_FAMILY = "1,2";
				TEST_TARGET_NAME = bitirmedeneme;
			};
			name = Debug;
		};
		9A8D90D12B08DFBB00F043B7 /* Release */ = {
			isa = XCBuildConfiguration;
			buildSettings = {
				ALWAYS_EMBED_SWIFT_STANDARD_LIBRARIES = YES;
				CODE_SIGN_STYLE = Automatic;
				CURRENT_PROJECT_VERSION = 1;
				GENERATE_INFOPLIST_FILE = YES;
				MARKETING_VERSION = 1.0;
				PRODUCT_BUNDLE_IDENTIFIER = beste.bitirmedenemeUITests;
				PRODUCT_NAME = "$(TARGET_NAME)";
				SWIFT_EMIT_LOC_STRINGS = NO;
				SWIFT_VERSION = 5.0;
				TARGETED_DEVICE_FAMILY = "1,2";
				TEST_TARGET_NAME = bitirmedeneme;
			};
			name = Release;
		};
/* End XCBuildConfiguration section */

/* Begin XCConfigurationList section */
		9A8D90A02B08DFBA00F043B7 /* Build configuration list for PBXProject "bitirmedeneme" */ = {
			isa = XCConfigurationList;
			buildConfigurations = (
				9A8D90C72B08DFBB00F043B7 /* Debug */,
				9A8D90C82B08DFBB00F043B7 /* Release */,
			);
			defaultConfigurationIsVisible = 0;
			defaultConfigurationName = Release;
		};
		9A8D90C92B08DFBB00F043B7 /* Build configuration list for PBXNativeTarget "bitirmedeneme" */ = {
			isa = XCConfigurationList;
			buildConfigurations = (
				9A8D90CA2B08DFBB00F043B7 /* Debug */,
				9A8D90CB2B08DFBB00F043B7 /* Release */,
			);
			defaultConfigurationIsVisible = 0;
			defaultConfigurationName = Release;
		};
		9A8D90CC2B08DFBB00F043B7 /* Build configuration list for PBXNativeTarget "bitirmedenemeTests" */ = {
			isa = XCConfigurationList;
			buildConfigurations = (
				9A8D90CD2B08DFBB00F043B7 /* Debug */,
				9A8D90CE2B08DFBB00F043B7 /* Release */,
			);
			defaultConfigurationIsVisible = 0;
			defaultConfigurationName = Release;
		};
		9A8D90CF2B08DFBB00F043B7 /* Build configuration list for PBXNativeTarget "bitirmedenemeUITests" */ = {
			isa = XCConfigurationList;
			buildConfigurations = (
				9A8D90D02B08DFBB00F043B7 /* Debug */,
				9A8D90D12B08DFBB00F043B7 /* Release */,
			);
			defaultConfigurationIsVisible = 0;
			defaultConfigurationName = Release;
		};
/* End XCConfigurationList section */

/* Begin XCRemoteSwiftPackageReference section */
		9A8D90D42B08E50A00F043B7 /* XCRemoteSwiftPackageReference "firebase-ios-sdk" */ = {
			isa = XCRemoteSwiftPackageReference;
			repositoryURL = "https://github.com/firebase/firebase-ios-sdk";
			requirement = {
				kind = upToNextMajorVersion;
				minimumVersion = 10.0.0;
			};
		};
		9ACDC0D92B112B8F00FE770C /* XCRemoteSwiftPackageReference "SDWebImageSwiftUI" */ = {
			isa = XCRemoteSwiftPackageReference;
			repositoryURL = "https://github.com/SDWebImage/SDWebImageSwiftUI.git";
			requirement = {
				kind = upToNextMajorVersion;
				minimumVersion = 2.0.0;
			};
		};
/* End XCRemoteSwiftPackageReference section */

/* Begin XCSwiftPackageProductDependency section */
		9A8D90D52B08E50A00F043B7 /* FirebaseAnalytics */ = {
			isa = XCSwiftPackageProductDependency;
			package = 9A8D90D42B08E50A00F043B7 /* XCRemoteSwiftPackageReference "firebase-ios-sdk" */;
			productName = FirebaseAnalytics;
		};
		9A8D90D72B08E50A00F043B7 /* FirebaseAppCheck */ = {
			isa = XCSwiftPackageProductDependency;
			package = 9A8D90D42B08E50A00F043B7 /* XCRemoteSwiftPackageReference "firebase-ios-sdk" */;
			productName = FirebaseAppCheck;
		};
		9A8D90D92B08E50A00F043B7 /* FirebaseAuth */ = {
			isa = XCSwiftPackageProductDependency;
			package = 9A8D90D42B08E50A00F043B7 /* XCRemoteSwiftPackageReference "firebase-ios-sdk" */;
			productName = FirebaseAuth;
		};
		9A8D90DB2B08E50A00F043B7 /* FirebaseDatabase */ = {
			isa = XCSwiftPackageProductDependency;
			package = 9A8D90D42B08E50A00F043B7 /* XCRemoteSwiftPackageReference "firebase-ios-sdk" */;
			productName = FirebaseDatabase;
		};
		9A8D90DD2B08E50A00F043B7 /* FirebaseFirestore */ = {
			isa = XCSwiftPackageProductDependency;
			package = 9A8D90D42B08E50A00F043B7 /* XCRemoteSwiftPackageReference "firebase-ios-sdk" */;
			productName = FirebaseFirestore;
		};
		9A8D90DF2B08E50A00F043B7 /* FirebaseStorage */ = {
			isa = XCSwiftPackageProductDependency;
			package = 9A8D90D42B08E50A00F043B7 /* XCRemoteSwiftPackageReference "firebase-ios-sdk" */;
			productName = FirebaseStorage;
		};
		9ACDC0DA2B112B8F00FE770C /* SDWebImageSwiftUI */ = {
			isa = XCSwiftPackageProductDependency;
			package = 9ACDC0D92B112B8F00FE770C /* XCRemoteSwiftPackageReference "SDWebImageSwiftUI" */;
			productName = SDWebImageSwiftUI;
		};
/* End XCSwiftPackageProductDependency section */
	};
	rootObject = 9A8D909D2B08DFBA00F043B7 /* Project object */;
}
